{
    "_meta": {
        "hash": {
            "sha256": "60bace1710cf3dede65dfaf50974cbdab8425542154fcb181e2e0dbd5c91aee2"
        },
        "pipfile-spec": 6,
        "requires": {
            "python_version": "3.8"
        },
        "sources": [
            {
                "name": "pypi",
                "url": "https://pypi.python.org/simple",
                "verify_ssl": true
            }
        ]
    },
    "default": {
        "asgiref": {
            "hashes": [
                "sha256:1d2880b792ae8757289136f1db2b7b99100ce959b2aa57fd69dab783d05afac4",
                "sha256:4a29362a6acebe09bf1d6640db38c1dc3d9217c68e6f9f6204d72667fc19a424"
            ],
            "version": "==3.5.2"
        },
        "django": {
            "hashes": [
                "sha256:18ba8efa36b69cfcd4b670d0fa187c6fe7506596f0ababe580e16909bcdec121",
                "sha256:3adc285124244724a394fa9b9839cc8cd116faf7d159554c43ecdaa8cdf0b94d"
            ],
            "index": "pypi",
            "version": "==3.2.16"
        },
        "pytz": {
            "hashes": [
                "sha256:335ab46900b1465e714b4fda4963d87363264eb662aab5e65da039c25f1f5b22",
                "sha256:c4d88f472f54d615e9cd582a5004d1e5f624854a6a27a6211591c251f22a6914"
            ],
            "version": "==2022.5"
        },
        "sqlparse": {
            "hashes": [
                "sha256:0323c0ec29cd52bceabc1b4d9d579e311f3e4961b98d174201d5622a23b85e34",
                "sha256:69ca804846bb114d2ec380e4360a8a340db83f0ccf3afceeb1404df028f57268"
            ],
            "version": "==0.4.3"
        }
    },
    "develop": {}
}
